
Microsoft Visual Studio Solution File, Format Version 12.00
# Visual Studio Version 16
VisualStudioVersion = 16.0.32106.194
MinimumVisualStudioVersion = 10.0.40219.1
Project("{FAE04EC0-301F-11D3-BF4B-00C04F79EFBC}") = "Vectors_dll", "Vectors_dll.csproj", "{C663922F-EEF7-4C24-BE36-94C33060958F}"
EndProject
Global
	GlobalSection(SolutionConfigurationPlatforms) = preSolution
		Debug|Any CPU = Debug|Any CPU
		Release|Any CPU = Release|Any CPU
	EndGlobalSection
	GlobalSection(ProjectConfigurationPlatforms) = postSolution
		{C663922F-EEF7-4C24-BE36-94C33060958F}.Debug|Any CPU.ActiveCfg = Debug|Any CPU
		{C663922F-EEF7-4C24-BE36-94C33060958F}.Debug|Any CPU.Build.0 = Debug|Any CPU
		{C663922F-EEF7-4C24-BE36-94C33060958F}.Release|Any CPU.ActiveCfg = Release|Any CPU
		{C663922F-EEF7-4C24-BE36-94C33060958F}.Release|Any CPU.Build.0 = Release|Any CPU
	EndGlobalSection
	GlobalSection(SolutionProperties) = preSolution
		HideSolutionNode = FALSE
	EndGlobalSection
	GlobalSection(ExtensibilityGlobals) = postSolution
		SolutionGuid = {763371AC-7503-476B-BDC5-646D4662FC53}
	EndGlobalSection
EndGlobal
