
Microsoft Visual Studio Solution File, Format Version 12.00
# Visual Studio Version 17
VisualStudioVersion = 17.2.32516.85
MinimumVisualStudioVersion = 10.0.40219.1
Project("{FAE04EC0-301F-11D3-BF4B-00C04F79EFBC}") = "CommandPattern", "CommandPattern\CommandPattern.csproj", "{D21D6C5E-208B-441A-916C-82B9F1990C40}"
EndProject
Global
	GlobalSection(SolutionConfigurationPlatforms) = preSolution
		Debug|Any CPU = Debug|Any CPU
		Release|Any CPU = Release|Any CPU
	EndGlobalSection
	GlobalSection(ProjectConfigurationPlatforms) = postSolution
		{D21D6C5E-208B-441A-916C-82B9F1990C40}.Debug|Any CPU.ActiveCfg = Debug|Any CPU
		{D21D6C5E-208B-441A-916C-82B9F1990C40}.Debug|Any CPU.Build.0 = Debug|Any CPU
		{D21D6C5E-208B-441A-916C-82B9F1990C40}.Release|Any CPU.ActiveCfg = Release|Any CPU
		{D21D6C5E-208B-441A-916C-82B9F1990C40}.Release|Any CPU.Build.0 = Release|Any CPU
	EndGlobalSection
	GlobalSection(SolutionProperties) = preSolution
		HideSolutionNode = FALSE
	EndGlobalSection
	GlobalSection(ExtensibilityGlobals) = postSolution
		SolutionGuid = {E422231F-A0B7-4EAF-918A-032859081B06}
	EndGlobalSection
EndGlobal
