
Microsoft Visual Studio Solution File, Format Version 12.00
# Visual Studio Version 17
VisualStudioVersion = 17.2.32516.85
MinimumVisualStudioVersion = 10.0.40219.1
Project("{FAE04EC0-301F-11D3-BF4B-00C04F79EFBC}") = "RdzeńSilnikaDI", "RdzeńSilnikaDI\RdzeńSilnikaDI.csproj", "{52C7C41C-E0DE-434F-B7F3-BF8068A58C23}"
EndProject
Global
	GlobalSection(SolutionConfigurationPlatforms) = preSolution
		Debug|Any CPU = Debug|Any CPU
		Release|Any CPU = Release|Any CPU
	EndGlobalSection
	GlobalSection(ProjectConfigurationPlatforms) = postSolution
		{52C7C41C-E0DE-434F-B7F3-BF8068A58C23}.Debug|Any CPU.ActiveCfg = Debug|Any CPU
		{52C7C41C-E0DE-434F-B7F3-BF8068A58C23}.Debug|Any CPU.Build.0 = Debug|Any CPU
		{52C7C41C-E0DE-434F-B7F3-BF8068A58C23}.Release|Any CPU.ActiveCfg = Release|Any CPU
		{52C7C41C-E0DE-434F-B7F3-BF8068A58C23}.Release|Any CPU.Build.0 = Release|Any CPU
	EndGlobalSection
	GlobalSection(SolutionProperties) = preSolution
		HideSolutionNode = FALSE
	EndGlobalSection
	GlobalSection(ExtensibilityGlobals) = postSolution
		SolutionGuid = {CEB2CAF2-02A6-458B-A0EA-302FD5E4B696}
	EndGlobalSection
EndGlobal
