
Microsoft Visual Studio Solution File, Format Version 12.00
# Visual Studio Version 16
VisualStudioVersion = 16.0.32106.194
MinimumVisualStudioVersion = 10.0.40219.1
Project("{FAE04EC0-301F-11D3-BF4B-00C04F79EFBC}") = "LazyIntList", "LazyIntList.csproj", "{4918B7E7-2084-4C0E-AF4D-6960FC6794BA}"
EndProject
Global
	GlobalSection(SolutionConfigurationPlatforms) = preSolution
		Debug|Any CPU = Debug|Any CPU
		Release|Any CPU = Release|Any CPU
	EndGlobalSection
	GlobalSection(ProjectConfigurationPlatforms) = postSolution
		{4918B7E7-2084-4C0E-AF4D-6960FC6794BA}.Debug|Any CPU.ActiveCfg = Debug|Any CPU
		{4918B7E7-2084-4C0E-AF4D-6960FC6794BA}.Debug|Any CPU.Build.0 = Debug|Any CPU
		{4918B7E7-2084-4C0E-AF4D-6960FC6794BA}.Release|Any CPU.ActiveCfg = Release|Any CPU
		{4918B7E7-2084-4C0E-AF4D-6960FC6794BA}.Release|Any CPU.Build.0 = Release|Any CPU
	EndGlobalSection
	GlobalSection(SolutionProperties) = preSolution
		HideSolutionNode = FALSE
	EndGlobalSection
	GlobalSection(ExtensibilityGlobals) = postSolution
		SolutionGuid = {1138EB6C-C9FE-46CB-A337-7A2081541A57}
	EndGlobalSection
EndGlobal
