
Microsoft Visual Studio Solution File, Format Version 12.00
# Visual Studio Version 16
VisualStudioVersion = 16.0.32106.194
MinimumVisualStudioVersion = 10.0.40219.1
Project("{FAE04EC0-301F-11D3-BF4B-00C04F79EFBC}") = "Wektor", "Wektor.csproj", "{12640990-9308-4C23-BD28-5D5E24CE83A8}"
EndProject
Global
	GlobalSection(SolutionConfigurationPlatforms) = preSolution
		Debug|Any CPU = Debug|Any CPU
		Release|Any CPU = Release|Any CPU
	EndGlobalSection
	GlobalSection(ProjectConfigurationPlatforms) = postSolution
		{12640990-9308-4C23-BD28-5D5E24CE83A8}.Debug|Any CPU.ActiveCfg = Debug|Any CPU
		{12640990-9308-4C23-BD28-5D5E24CE83A8}.Debug|Any CPU.Build.0 = Debug|Any CPU
		{12640990-9308-4C23-BD28-5D5E24CE83A8}.Release|Any CPU.ActiveCfg = Release|Any CPU
		{12640990-9308-4C23-BD28-5D5E24CE83A8}.Release|Any CPU.Build.0 = Release|Any CPU
	EndGlobalSection
	GlobalSection(SolutionProperties) = preSolution
		HideSolutionNode = FALSE
	EndGlobalSection
	GlobalSection(ExtensibilityGlobals) = postSolution
		SolutionGuid = {30C17ABE-DFA5-4108-B24D-D8C1EFB60589}
	EndGlobalSection
EndGlobal
